
Microsoft Visual Studio Solution File, Format Version 12.00
# Visual Studio 15
VisualStudioVersion = 15.0.28307.539
MinimumVisualStudioVersion = 10.0.40219.1
Project("{FAE04EC0-301F-11D3-BF4B-00C04F79EFBC}") = "WebFrontend", "WebFrontend\WebFrontend.csproj", "{A250302D-0B45-4515-9245-3779BA16CD85}"
EndProject
Project("{FAE04EC0-301F-11D3-BF4B-00C04F79EFBC}") = "Backend", "Backend\Backend.csproj", "{CAA3A70D-1895-4EE3-A094-19A378BE1BCE}"
EndProject
Global
	GlobalSection(SolutionConfigurationPlatforms) = preSolution
		Debug|Any CPU = Debug|Any CPU
		Release|Any CPU = Release|Any CPU
	EndGlobalSection
	GlobalSection(ProjectConfigurationPlatforms) = postSolution
		{A250302D-0B45-4515-9245-3779BA16CD85}.Debug|Any CPU.ActiveCfg = Debug|Any CPU
		{A250302D-0B45-4515-9245-3779BA16CD85}.Debug|Any CPU.Build.0 = Debug|Any CPU
		{A250302D-0B45-4515-9245-3779BA16CD85}.Release|Any CPU.ActiveCfg = Release|Any CPU
		{A250302D-0B45-4515-9245-3779BA16CD85}.Release|Any CPU.Build.0 = Release|Any CPU
		{CAA3A70D-1895-4EE3-A094-19A378BE1BCE}.Debug|Any CPU.ActiveCfg = Debug|Any CPU
		{CAA3A70D-1895-4EE3-A094-19A378BE1BCE}.Debug|Any CPU.Build.0 = Debug|Any CPU
		{CAA3A70D-1895-4EE3-A094-19A378BE1BCE}.Release|Any CPU.ActiveCfg = Release|Any CPU
		{CAA3A70D-1895-4EE3-A094-19A378BE1BCE}.Release|Any CPU.Build.0 = Release|Any CPU
	EndGlobalSection
	GlobalSection(SolutionProperties) = preSolution
		HideSolutionNode = FALSE
	EndGlobalSection
	GlobalSection(ExtensibilityGlobals) = postSolution
		SolutionGuid = {54468F14-F786-4CD5-B59F-DA20226689A7}
	EndGlobalSection
EndGlobal
